// !$*UTF8*$!
{
	archiveVersion = 1;
	classes = {
	};
	objectVersion = 50;
	objects = {

/* Begin PBXBuildFile section */
		2541C606255140CC00E3B5D3 /* AppDelegate.swift in Sources */ = {isa = PBXBuildFile; fileRef = 2541C605255140CC00E3B5D3 /* AppDelegate.swift */; };
		2541C608255140CC00E3B5D3 /* SceneDelegate.swift in Sources */ = {isa = PBXBuildFile; fileRef = 2541C607255140CC00E3B5D3 /* SceneDelegate.swift */; };
		2541C60A255140CC00E3B5D3 /* ContentView.swift in Sources */ = {isa = PBXBuildFile; fileRef = 2541C609255140CC00E3B5D3 /* ContentView.swift */; };
		2541C60C255140CE00E3B5D3 /* Assets.xcassets in Resources */ = {isa = PBXBuildFile; fileRef = 2541C60B255140CE00E3B5D3 /* Assets.xcassets */; };
		2541C60F255140CE00E3B5D3 /* Preview Assets.xcassets in Resources */ = {isa = PBXBuildFile; fileRef = 2541C60E255140CE00E3B5D3 /* Preview Assets.xcassets */; };
		2541C612255140CE00E3B5D3 /* LaunchScreen.storyboard in Resources */ = {isa = PBXBuildFile; fileRef = 2541C610255140CE00E3B5D3 /* LaunchScreen.storyboard */; };
/* End PBXBuildFile section */

/* Begin PBXFileReference section */
		2541C602255140CC00E3B5D3 /* uios_p4_on_the_map.app */ = {isa = PBXFileReference; explicitFileType = wrapper.application; includeInIndex = 0; path = uios_p4_on_the_map.app; sourceTree = BUILT_PRODUCTS_DIR; };
		2541C605255140CC00E3B5D3 /* AppDelegate.swift */ = {isa = PBXFileReference; lastKnownFileType = sourcecode.swift; path = AppDelegate.swift; sourceTree = "<group>"; };
		2541C607255140CC00E3B5D3 /* SceneDelegate.swift */ = {isa = PBXFileReference; lastKnownFileType = sourcecode.swift; path = SceneDelegate.swift; sourceTree = "<group>"; };
		2541C609255140CC00E3B5D3 /* ContentView.swift */ = {isa = PBXFileReference; lastKnownFileType = sourcecode.swift; path = ContentView.swift; sourceTree = "<group>"; };
		2541C60B255140CE00E3B5D3 /* Assets.xcassets */ = {isa = PBXFileReference; lastKnownFileType = folder.assetcatalog; path = Assets.xcassets; sourceTree = "<group>"; };
		2541C60E255140CE00E3B5D3 /* Preview Assets.xcassets */ = {isa = PBXFileReference; lastKnownFileType = folder.assetcatalog; path = "Preview Assets.xcassets"; sourceTree = "<group>"; };
		2541C611255140CE00E3B5D3 /* Base */ = {isa = PBXFileReference; lastKnownFileType = file.storyboard; name = Base; path = Base.lproj/LaunchScreen.storyboard; sourceTree = "<group>"; };
		2541C613255140CE00E3B5D3 /* Info.plist */ = {isa = PBXFileReference; lastKnownFileType = text.plist.xml; path = Info.plist; sourceTree = "<group>"; };
/* End PBXFileReference section */

/* Begin PBXFrameworksBuildPhase section */
		2541C5FF255140CC00E3B5D3 /* Frameworks */ = {
			isa = PBXFrameworksBuildPhase;
			buildActionMask = 2147483647;
			files = (
			);
			runOnlyForDeploymentPostprocessing = 0;
		};
/* End PBXFrameworksBuildPhase section */

/* Begin PBXGroup section */
		2541C5F9255140CC00E3B5D3 = {
			isa = PBXGroup;
			children = (
				2541C604255140CC00E3B5D3 /* uios_p4_on_the_map */,
				2541C603255140CC00E3B5D3 /* Products */,
			);
			sourceTree = "<group>";
		};
		2541C603255140CC00E3B5D3 /* Products */ = {
			isa = PBXGroup;
			children = (
				2541C602255140CC00E3B5D3 /* uios_p4_on_the_map.app */,
			);
			name = Products;
			sourceTree = "<group>";
		};
		2541C604255140CC00E3B5D3 /* uios_p4_on_the_map */ = {
			isa = PBXGroup;
			children = (
				2541C605255140CC00E3B5D3 /* AppDelegate.swift */,
				2541C607255140CC00E3B5D3 /* SceneDelegate.swift */,
				2541C609255140CC00E3B5D3 /* ContentView.swift */,
				2541C60B255140CE00E3B5D3 /* Assets.xcassets */,
				2541C610255140CE00E3B5D3 /* LaunchScreen.storyboard */,
				2541C613255140CE00E3B5D3 /* Info.plist */,
				2541C60D255140CE00E3B5D3 /* Preview Content */,
			);
			path = uios_p4_on_the_map;
			sourceTree = "<group>";
		};
		2541C60D255140CE00E3B5D3 /* Preview Content */ = {
			isa = PBXGroup;
			children = (
				2541C60E255140CE00E3B5D3 /* Preview Assets.xcassets */,
			);
			path = "Preview Content";
			sourceTree = "<group>";
		};
/* End PBXGroup section */

/* Begin PBXNativeTarget section */
		2541C601255140CC00E3B5D3 /* uios_p4_on_the_map */ = {
			isa = PBXNativeTarget;
			buildConfigurationList = 2541C616255140CE00E3B5D3 /* Build configuration list for PBXNativeTarget "uios_p4_on_the_map" */;
			buildPhases = (
				2541C5FE255140CC00E3B5D3 /* Sources */,
				2541C5FF255140CC00E3B5D3 /* Frameworks */,
				2541C600255140CC00E3B5D3 /* Resources */,
			);
			buildRules = (
			);
			dependencies = (
			);
			name = uios_p4_on_the_map;
			productName = uios_p4_on_the_map;
			productReference = 2541C602255140CC00E3B5D3 /* uios_p4_on_the_map.app */;
			productType = "com.apple.product-type.application";
		};
/* End PBXNativeTarget section */

/* Begin PBXProject section */
		2541C5FA255140CC00E3B5D3 /* Project object */ = {
			isa = PBXProject;
			attributes = {
				LastSwiftUpdateCheck = 1210;
				LastUpgradeCheck = 1210;
				TargetAttributes = {
					2541C601255140CC00E3B5D3 = {
						CreatedOnToolsVersion = 12.1;
					};
				};
			};
			buildConfigurationList = 2541C5FD255140CC00E3B5D3 /* Build configuration list for PBXProject "uios_p4_on_the_map" */;
			compatibilityVersion = "Xcode 9.3";
			developmentRegion = en;
			hasScannedForEncodings = 0;
			knownRegions = (
				en,
				Base,
			);
			mainGroup = 2541C5F9255140CC00E3B5D3;
			productRefGroup = 2541C603255140CC00E3B5D3 /* Products */;
			projectDirPath = "";
			projectRoot = "";
			targets = (
				2541C601255140CC00E3B5D3 /* uios_p4_on_the_map */,
			);
		};
/* End PBXProject section */

/* Begin PBXResourcesBuildPhase section */
		2541C600255140CC00E3B5D3 /* Resources */ = {
			isa = PBXResourcesBuildPhase;
			buildActionMask = 2147483647;
			files = (
				2541C612255140CE00E3B5D3 /* LaunchScreen.storyboard in Resources */,
				2541C60F255140CE00E3B5D3 /* Preview Assets.xcassets in Resources */,
				2541C60C255140CE00E3B5D3 /* Assets.xcassets in Resources */,
			);
			runOnlyForDeploymentPostprocessing = 0;
		};
/* End PBXResourcesBuildPhase section */

/* Begin PBXSourcesBuildPhase section */
		2541C5FE255140CC00E3B5D3 /* Sources */ = {
			isa = PBXSourcesBuildPhase;
			buildActionMask = 2147483647;
			files = (
				2541C606255140CC00E3B5D3 /* AppDelegate.swift in Sources */,
				2541C608255140CC00E3B5D3 /* SceneDelegate.swift in Sources */,
				2541C60A255140CC00E3B5D3 /* ContentView.swift in Sources */,
			);
			runOnlyForDeploymentPostprocessing = 0;
		};
/* End PBXSourcesBuildPhase section */

/* Begin PBXVariantGroup section */
		2541C610255140CE00E3B5D3 /* LaunchScreen.storyboard */ = {
			isa = PBXVariantGroup;
			children = (
				2541C611255140CE00E3B5D3 /* Base */,
			);
			name = LaunchScreen.storyboard;
			sourceTree = "<group>";
		};
/* End PBXVariantGroup section */

/* Begin XCBuildConfiguration section */
		2541C614255140CE00E3B5D3 /* Debug */ = {
			isa = XCBuildConfiguration;
			buildSettings = {
				ALWAYS_SEARCH_USER_PATHS = NO;
				CLANG_ANALYZER_NONNULL = YES;
				CLANG_ANALYZER_NUMBER_OBJECT_CONVERSION = YES_AGGRESSIVE;
				CLANG_CXX_LANGUAGE_STANDARD = "gnu++14";
				CLANG_CXX_LIBRARY = "libc++";
				CLANG_ENABLE_MODULES = YES;
				CLANG_ENABLE_OBJC_ARC = YES;
				CLANG_ENABLE_OBJC_WEAK = YES;
				CLANG_WARN_BLOCK_CAPTURE_AUTORELEASING = YES;
				CLANG_WARN_BOOL_CONVERSION = YES;
				CLANG_WARN_COMMA = YES;
				CLANG_WARN_CONSTANT_CONVERSION = YES;
				CLANG_WARN_DEPRECATED_OBJC_IMPLEMENTATIONS = YES;
				CLANG_WARN_DIRECT_OBJC_ISA_USAGE = YES_ERROR;
				CLANG_WARN_DOCUMENTATION_COMMENTS = YES;
				CLANG_WARN_EMPTY_BODY = YES;
				CLANG_WARN_ENUM_CONVERSION = YES;
				CLANG_WARN_INFINITE_RECURSION = YES;
				CLANG_WARN_INT_CONVERSION = YES;
				CLANG_WARN_NON_LITERAL_NULL_CONVERSION = YES;
				CLANG_WARN_OBJC_IMPLICIT_RETAIN_SELF = YES;
				CLANG_WARN_OBJC_LITERAL_CONVERSION = YES;
				CLANG_WARN_OBJC_ROOT_CLASS = YES_ERROR;
				CLANG_WARN_QUOTED_INCLUDE_IN_FRAMEWORK_HEADER = YES;
				CLANG_WARN_RANGE_LOOP_ANALYSIS = YES;
				CLANG_WARN_STRICT_PROTOTYPES = YES;
				CLANG_WARN_SUSPICIOUS_MOVE = YES;
				CLANG_WARN_UNGUARDED_AVAILABILITY = YES_AGGRESSIVE;
				CLANG_WARN_UNREACHABLE_CODE = YES;
				CLANG_WARN__DUPLICATE_METHOD_MATCH = YES;
				COPY_PHASE_STRIP = NO;
				DEBUG_INFORMATION_FORMAT = dwarf;
				ENABLE_STRICT_OBJC_MSGSEND = YES;
				ENABLE_TESTABILITY = YES;
				GCC_C_LANGUAGE_STANDARD = gnu11;
				GCC_DYNAMIC_NO_PIC = NO;
				GCC_NO_COMMON_BLOCKS = YES;
				GCC_OPTIMIZATION_LEVEL = 0;
				GCC_PREPROCESSOR_DEFINITIONS = (
					"DEBUG=1",
					"$(inherited)",
				);
				GCC_WARN_64_TO_32_BIT_CONVERSION = YES;
				GCC_WARN_ABOUT_RETURN_TYPE = YES_ERROR;
				GCC_WARN_UNDECLARED_SELECTOR = YES;
				GCC_WARN_UNINITIALIZED_AUTOS = YES_AGGRESSIVE;
				GCC_WARN_UNUSED_FUNCTION = YES;
				GCC_WARN_UNUSED_VARIABLE = YES;
				IPHONEOS_DEPLOYMENT_TARGET = 14.1;
				MTL_ENABLE_DEBUG_INFO = INCLUDE_SOURCE;
				MTL_FAST_MATH = YES;
				ONLY_ACTIVE_ARCH = YES;
				SDKROOT = iphoneos;
				SWIFT_ACTIVE_COMPILATION_CONDITIONS = DEBUG;
				SWIFT_OPTIMIZATION_LEVEL = "-Onone";
			};
			name = Debug;
		};
		2541C615255140CE00E3B5D3 /* Release */ = {
			isa = XCBuildConfiguration;
			buildSettings = {
				ALWAYS_SEARCH_USER_PATHS = NO;
				CLANG_ANALYZER_NONNULL = YES;
				CLANG_ANALYZER_NUMBER_OBJECT_CONVERSION = YES_AGGRESSIVE;
				CLANG_CXX_LANGUAGE_STANDARD = "gnu++14";
				CLANG_CXX_LIBRARY = "libc++";
				CLANG_ENABLE_MODULES = YES;
				CLANG_ENABLE_OBJC_ARC = YES;
				CLANG_ENABLE_OBJC_WEAK = YES;
				CLANG_WARN_BLOCK_CAPTURE_AUTORELEASING = YES;
				CLANG_WARN_BOOL_CONVERSION = YES;
				CLANG_WARN_COMMA = YES;
				CLANG_WARN_CONSTANT_CONVERSION = YES;
				CLANG_WARN_DEPRECATED_OBJC_IMPLEMENTATIONS = YES;
				CLANG_WARN_DIRECT_OBJC_ISA_USAGE = YES_ERROR;
				CLANG_WARN_DOCUMENTATION_COMMENTS = YES;
				CLANG_WARN_EMPTY_BODY = YES;
				CLANG_WARN_ENUM_CONVERSION = YES;
				CLANG_WARN_INFINITE_RECURSION = YES;
				CLANG_WARN_INT_CONVERSION = YES;
				CLANG_WARN_NON_LITERAL_NULL_CONVERSION = YES;
				CLANG_WARN_OBJC_IMPLICIT_RETAIN_SELF = YES;
				CLANG_WARN_OBJC_LITERAL_CONVERSION = YES;
				CLANG_WARN_OBJC_ROOT_CLASS = YES_ERROR;
				CLANG_WARN_QUOTED_INCLUDE_IN_FRAMEWORK_HEADER = YES;
				CLANG_WARN_RANGE_LOOP_ANALYSIS = YES;
				CLANG_WARN_STRICT_PROTOTYPES = YES;
				CLANG_WARN_SUSPICIOUS_MOVE = YES;
				CLANG_WARN_UNGUARDED_AVAILABILITY = YES_AGGRESSIVE;
				CLANG_WARN_UNREACHABLE_CODE = YES;
				CLANG_WARN__DUPLICATE_METHOD_MATCH = YES;
				COPY_PHASE_STRIP = NO;
				DEBUG_INFORMATION_FORMAT = "dwarf-with-dsym";
				ENABLE_NS_ASSERTIONS = NO;
				ENABLE_STRICT_OBJC_MSGSEND = YES;
				GCC_C_LANGUAGE_STANDARD = gnu11;
				GCC_NO_COMMON_BLOCKS = YES;
				GCC_WARN_64_TO_32_BIT_CONVERSION = YES;
				GCC_WARN_ABOUT_RETURN_TYPE = YES_ERROR;
				GCC_WARN_UNDECLARED_SELECTOR = YES;
				GCC_WARN_UNINITIALIZED_AUTOS = YES_AGGRESSIVE;
				GCC_WARN_UNUSED_FUNCTION = YES;
				GCC_WARN_UNUSED_VARIABLE = YES;
				IPHONEOS_DEPLOYMENT_TARGET = 14.1;
				MTL_ENABLE_DEBUG_INFO = NO;
				MTL_FAST_MATH = YES;
				SDKROOT = iphoneos;
				SWIFT_COMPILATION_MODE = wholemodule;
				SWIFT_OPTIMIZATION_LEVEL = "-O";
				VALIDATE_PRODUCT = YES;
			};
			name = Release;
		};
		2541C617255140CE00E3B5D3 /* Debug */ = {
			isa = XCBuildConfiguration;
			buildSettings = {
				ASSETCATALOG_COMPILER_APPICON_NAME = AppIcon;
				ASSETCATALOG_COMPILER_GLOBAL_ACCENT_COLOR_NAME = AccentColor;
				CODE_SIGN_STYLE = Automatic;
				DEVELOPMENT_ASSET_PATHS = "\"uios_p4_on_the_map/Preview Content\"";
				DEVELOPMENT_TEAM = 4JLL8M54LK;
				ENABLE_PREVIEWS = YES;
				INFOPLIST_FILE = uios_p4_on_the_map/Info.plist;
				LD_RUNPATH_SEARCH_PATHS = (
					"$(inherited)",
					"@executable_path/Frameworks",
				);
				PRODUCT_BUNDLE_IDENTIFIER = "com.nkalyoncu.uios-p4-on-the-map";
				PRODUCT_NAME = "$(TARGET_NAME)";
				SWIFT_VERSION = 5.0;
				TARGETED_DEVICE_FAMILY = "1,2";
			};
			name = Debug;
		};
		2541C618255140CE00E3B5D3 /* Release */ = {
			isa = XCBuildConfiguration;
			buildSettings = {
				ASSETCATALOG_COMPILER_APPICON_NAME = AppIcon;
				ASSETCATALOG_COMPILER_GLOBAL_ACCENT_COLOR_NAME = AccentColor;
				CODE_SIGN_STYLE = Automatic;
				DEVELOPMENT_ASSET_PATHS = "\"uios_p4_on_the_map/Preview Content\"";
				DEVELOPMENT_TEAM = 4JLL8M54LK;
				ENABLE_PREVIEWS = YES;
				INFOPLIST_FILE = uios_p4_on_the_map/Info.plist;
				LD_RUNPATH_SEARCH_PATHS = (
					"$(inherited)",
					"@executable_path/Frameworks",
				);
				PRODUCT_BUNDLE_IDENTIFIER = "com.nkalyoncu.uios-p4-on-the-map";
				PRODUCT_NAME = "$(TARGET_NAME)";
				SWIFT_VERSION = 5.0;
				TARGETED_DEVICE_FAMILY = "1,2";
			};
			name = Release;
		};
/* End XCBuildConfiguration section */

/* Begin XCConfigurationList section */
		2541C5FD255140CC00E3B5D3 /* Build configuration list for PBXProject "uios_p4_on_the_map" */ = {
			isa = XCConfigurationList;
			buildConfigurations = (
				2541C614255140CE00E3B5D3 /* Debug */,
				2541C615255140CE00E3B5D3 /* Release */,
			);
			defaultConfigurationIsVisible = 0;
			defaultConfigurationName = Release;
		};
		2541C616255140CE00E3B5D3 /* Build configuration list for PBXNativeTarget "uios_p4_on_the_map" */ = {
			isa = XCConfigurationList;
			buildConfigurations = (
				2541C617255140CE00E3B5D3 /* Debug */,
				2541C618255140CE00E3B5D3 /* Release */,
			);
			defaultConfigurationIsVisible = 0;
			defaultConfigurationName = Release;
		};
/* End XCConfigurationList section */
	};
	rootObject = 2541C5FA255140CC00E3B5D3 /* Project object */;
}
